
Microsoft Visual Studio Solution File, Format Version 12.00
# Visual Studio Version 17
VisualStudioVersion = 17.14.37301.10 d17.14
MinimumVisualStudioVersion = 10.0.40219.1
Project("{FAE04EC0-301F-11D3-BF4B-00C04F79EFBC}") = "Server", "Server\Server.csproj", "{D80BDDE7-3B4B-4D8C-A52E-88C0DB652959}"
EndProject
Global
	GlobalSection(SolutionConfigurationPlatforms) = preSolution
		Debug|Any CPU = Debug|Any CPU
		Release|Any CPU = Release|Any CPU
	EndGlobalSection
	GlobalSection(ProjectConfigurationPlatforms) = postSolution
		{D80BDDE7-3B4B-4D8C-A52E-88C0DB652959}.Debug|Any CPU.ActiveCfg = Debug|Any CPU
		{D80BDDE7-3B4B-4D8C-A52E-88C0DB652959}.Debug|Any CPU.Build.0 = Debug|Any CPU
		{D80BDDE7-3B4B-4D8C-A52E-88C0DB652959}.Release|Any CPU.ActiveCfg = Release|Any CPU
		{D80BDDE7-3B4B-4D8C-A52E-88C0DB652959}.Release|Any CPU.Build.0 = Release|Any CPU
	EndGlobalSection
	GlobalSection(SolutionProperties) = preSolution
		HideSolutionNode = FALSE
	EndGlobalSection
	GlobalSection(ExtensibilityGlobals) = postSolution
		SolutionGuid = {CDA67425-D1C9-4FF8-A3ED-016E11F05A4A}
	EndGlobalSection
EndGlobal
